{
  "version": 4,
  "terraform_version": "0.13.3",
  "serial": 4,
  "lineage": "fa5a3071-f9a4-a29c-4342-5c994d5875d2",
  "outputs": {},
  "resources": [
    {
      "mode": "managed",
      "type": "google_compute_address",
      "name": "extaddr",
      "provider": "provider[\"registry.terraform.io/hashicorp/google\"]",
      "instances": [
        {
          "schema_version": 0,
          "attributes": {
            "address": "35.240.209.33",
            "address_type": "EXTERNAL",
            "creation_timestamp": "2020-11-04T19:37:02.616-08:00",
            "description": "",
            "id": "projects/vti-sandbox/regions/asia-southeast1/addresses/extdemo",
            "name": "extdemo",
            "network_tier": "PREMIUM",
            "project": "vti-sandbox",
            "purpose": "",
            "region": "asia-southeast1",
            "self_link": "https://www.googleapis.com/compute/v1/projects/vti-sandbox/regions/asia-southeast1/addresses/extdemo",
            "subnetwork": "",
            "timeouts": null,
            "users": []
          },
          "private": "eyJlMmJmYjczMC1lY2FhLTExZTYtOGY4OC0zNDM2M2JjN2M0YzAiOnsiY3JlYXRlIjoyNDAwMDAwMDAwMDAsImRlbGV0ZSI6MjQwMDAwMDAwMDAwfX0="
        }
      ]
    },
    {
      "mode": "managed",
      "type": "google_compute_address",
      "name": "intaddr",
      "provider": "provider[\"registry.terraform.io/hashicorp/google\"]",
      "instances": [
        {
          "schema_version": 0,
          "attributes": {
            "address": "10.30.70.200",
            "address_type": "INTERNAL",
            "creation_timestamp": "2020-11-04T19:37:02.739-08:00",
            "description": "",
            "id": "projects/vti-sandbox/regions/asia-southeast1/addresses/intdemo",
            "name": "intdemo",
            "network_tier": "PREMIUM",
            "project": "vti-sandbox",
            "purpose": "GCE_ENDPOINT",
            "region": "asia-southeast1",
            "self_link": "https://www.googleapis.com/compute/v1/projects/vti-sandbox/regions/asia-southeast1/addresses/intdemo",
            "subnetwork": "https://www.googleapis.com/compute/v1/projects/vti-sandbox/regions/asia-southeast1/subnetworks/postgres",
            "timeouts": null,
            "users": []
          },
          "private": "eyJlMmJmYjczMC1lY2FhLTExZTYtOGY4OC0zNDM2M2JjN2M0YzAiOnsiY3JlYXRlIjoyNDAwMDAwMDAwMDAsImRlbGV0ZSI6MjQwMDAwMDAwMDAwfX0="
        }
      ]
    }
  ]
}
